PODS:
  - Alamofire (5.5.0)
  - IQKeyboardManager (6.5.9)
  - Kingfisher (7.1.2)

DEPENDENCIES:
  - Alamofire
  - IQKeyboardManager
  - Kingfisher

SPEC REPOS:
  trunk:
    - Alamofire
    - IQKeyboardManager
    - Kingfisher

SPEC CHECKSUMS:
  Alamofire: 1c4fb5369c3fe93d2857c780d8bbe09f06f97e7c
  IQKeyboardManager: 241cc94ccabc9deb8f8bd7d12f00d73288d13ecc
  Kingfisher: 44ed6a8504763f27bab46163adfac83f5deb240c

PODFILE CHECKSUM: 5fa82dfffb251b831a2fdc7cd5d871bb25c1e842

COCOAPODS: 1.11.2
