// !$*UTF8*$!
{
	archiveVersion = 1;
	classes = {
	};
	objectVersion = 55;
	objects = {

/* Begin PBXBuildFile section */
		0171814D2785678F004AAA01 /* AppDelegate.swift in Sources */ = {isa = PBXBuildFile; fileRef = 0171814C2785678F004AAA01 /* AppDelegate.swift */; };
		0171814F2785678F004AAA01 /* SceneDelegate.swift in Sources */ = {isa = PBXBuildFile; fileRef = 0171814E2785678F004AAA01 /* SceneDelegate.swift */; };
		017181512785678F004AAA01 /* ViewController.swift in Sources */ = {isa = PBXBuildFile; fileRef = 017181502785678F004AAA01 /* ViewController.swift */; };
		017181542785678F004AAA01 /* Main.storyboard in Resources */ = {isa = PBXBuildFile; fileRef = 017181522785678F004AAA01 /* Main.storyboard */; };
		0171815627856792004AAA01 /* Assets.xcassets in Resources */ = {isa = PBXBuildFile; fileRef = 0171815527856792004AAA01 /* Assets.xcassets */; };
		0171815927856792004AAA01 /* LaunchScreen.storyboard in Resources */ = {isa = PBXBuildFile; fileRef = 0171815727856792004AAA01 /* LaunchScreen.storyboard */; };
		0171816427856792004AAA01 /* NewsTests.swift in Sources */ = {isa = PBXBuildFile; fileRef = 0171816327856792004AAA01 /* NewsTests.swift */; };
		0171816E27856792004AAA01 /* NewsUITests.swift in Sources */ = {isa = PBXBuildFile; fileRef = 0171816D27856792004AAA01 /* NewsUITests.swift */; };
		0171817027856792004AAA01 /* NewsUITestsLaunchTests.swift in Sources */ = {isa = PBXBuildFile; fileRef = 0171816F27856792004AAA01 /* NewsUITestsLaunchTests.swift */; };
		018593D2278C712E0068B9E8 /* Landing.storyboard in Resources */ = {isa = PBXBuildFile; fileRef = 018593D1278C712E0068B9E8 /* Landing.storyboard */; };
		018593D4278C71470068B9E8 /* LandingViewController.swift in Sources */ = {isa = PBXBuildFile; fileRef = 018593D3278C71470068B9E8 /* LandingViewController.swift */; };
		018593D6278C71BB0068B9E8 /* LandingInteractor.swift in Sources */ = {isa = PBXBuildFile; fileRef = 018593D5278C71BB0068B9E8 /* LandingInteractor.swift */; };
		018593D8278C721F0068B9E8 /* LandingPresenter.swift in Sources */ = {isa = PBXBuildFile; fileRef = 018593D7278C721F0068B9E8 /* LandingPresenter.swift */; };
		018593DA278C73B30068B9E8 /* LandingRouter.swift in Sources */ = {isa = PBXBuildFile; fileRef = 018593D9278C73B30068B9E8 /* LandingRouter.swift */; };
		018593DC278C73C40068B9E8 /* LandingModels.swift in Sources */ = {isa = PBXBuildFile; fileRef = 018593DB278C73C40068B9E8 /* LandingModels.swift */; };
		018593DE278C76C20068B9E8 /* NewsWorker.swift in Sources */ = {isa = PBXBuildFile; fileRef = 018593DD278C76C20068B9E8 /* NewsWorker.swift */; };
		018593E0278C77520068B9E8 /* NewsRestStore.swift in Sources */ = {isa = PBXBuildFile; fileRef = 018593DF278C77520068B9E8 /* NewsRestStore.swift */; };
		018593EA278C80E90068B9E8 /* NewsTableViewCell.swift in Sources */ = {isa = PBXBuildFile; fileRef = 018593E8278C80E90068B9E8 /* NewsTableViewCell.swift */; };
		018593EB278C80E90068B9E8 /* NewsTableViewCell.xib in Resources */ = {isa = PBXBuildFile; fileRef = 018593E9278C80E90068B9E8 /* NewsTableViewCell.xib */; };
		01FB2CDA278C8A880053720A /* Networking.swift in Sources */ = {isa = PBXBuildFile; fileRef = 01FB2CD9278C8A880053720A /* Networking.swift */; };
		01FB2CDC278C8B730053720A /* MostViewedArticlesResponse.swift in Sources */ = {isa = PBXBuildFile; fileRef = 01FB2CDB278C8B730053720A /* MostViewedArticlesResponse.swift */; };
		046129E7A132B996D3993A34 /* Pods_News.framework in Frameworks */ = {isa = PBXBuildFile; fileRef = 7312413B696B78C69382DDD2 /* Pods_News.framework */; };
		203ABD4492800819F5B4AC05 /* Pods_NewsTests.framework in Frameworks */ = {isa = PBXBuildFile; fileRef = 945F013FDE240B9C0E9ACEE4 /* Pods_NewsTests.framework */; };
		FD2D7CE9A9820292FF3F4476 /* Pods_News_NewsUITests.framework in Frameworks */ = {isa = PBXBuildFile; fileRef = 9BC1C2700A3D6FCA0B73328C /* Pods_News_NewsUITests.framework */; };
/* End PBXBuildFile section */

/* Begin PBXContainerItemProxy section */
		0171816027856792004AAA01 /* PBXContainerItemProxy */ = {
			isa = PBXContainerItemProxy;
			containerPortal = 017181412785678F004AAA01 /* Project object */;
			proxyType = 1;
			remoteGlobalIDString = 017181482785678F004AAA01;
			remoteInfo = News;
		};
		0171816A27856792004AAA01 /* PBXContainerItemProxy */ = {
			isa = PBXContainerItemProxy;
			containerPortal = 017181412785678F004AAA01 /* Project object */;
			proxyType = 1;
			remoteGlobalIDString = 017181482785678F004AAA01;
			remoteInfo = News;
		};
/* End PBXContainerItemProxy section */

/* Begin PBXFileReference section */
		017181492785678F004AAA01 /* News.app */ = {isa = PBXFileReference; explicitFileType = wrapper.application; includeInIndex = 0; path = News.app; sourceTree = BUILT_PRODUCTS_DIR; };
		0171814C2785678F004AAA01 /* AppDelegate.swift */ = {isa = PBXFileReference; lastKnownFileType = sourcecode.swift; path = AppDelegate.swift; sourceTree = "<group>"; };
		0171814E2785678F004AAA01 /* SceneDelegate.swift */ = {isa = PBXFileReference; lastKnownFileType = sourcecode.swift; path = SceneDelegate.swift; sourceTree = "<group>"; };
		017181502785678F004AAA01 /* ViewController.swift */ = {isa = PBXFileReference; lastKnownFileType = sourcecode.swift; path = ViewController.swift; sourceTree = "<group>"; };
		017181532785678F004AAA01 /* Base */ = {isa = PBXFileReference; lastKnownFileType = file.storyboard; name = Base; path = Base.lproj/Main.storyboard; sourceTree = "<group>"; };
		0171815527856792004AAA01 /* Assets.xcassets */ = {isa = PBXFileReference; lastKnownFileType = folder.assetcatalog; path = Assets.xcassets; sourceTree = "<group>"; };
		0171815827856792004AAA01 /* Base */ = {isa = PBXFileReference; lastKnownFileType = file.storyboard; name = Base; path = Base.lproj/LaunchScreen.storyboard; sourceTree = "<group>"; };
		0171815A27856792004AAA01 /* Info.plist */ = {isa = PBXFileReference; lastKnownFileType = text.plist.xml; path = Info.plist; sourceTree = "<group>"; };
		0171815F27856792004AAA01 /* NewsTests.xctest */ = {isa = PBXFileReference; explicitFileType = wrapper.cfbundle; includeInIndex = 0; path = NewsTests.xctest; sourceTree = BUILT_PRODUCTS_DIR; };
		0171816327856792004AAA01 /* NewsTests.swift */ = {isa = PBXFileReference; lastKnownFileType = sourcecode.swift; path = NewsTests.swift; sourceTree = "<group>"; };
		0171816927856792004AAA01 /* NewsUITests.xctest */ = {isa = PBXFileReference; explicitFileType = wrapper.cfbundle; includeInIndex = 0; path = NewsUITests.xctest; sourceTree = BUILT_PRODUCTS_DIR; };
		0171816D27856792004AAA01 /* NewsUITests.swift */ = {isa = PBXFileReference; lastKnownFileType = sourcecode.swift; path = NewsUITests.swift; sourceTree = "<group>"; };
		0171816F27856792004AAA01 /* NewsUITestsLaunchTests.swift */ = {isa = PBXFileReference; lastKnownFileType = sourcecode.swift; path = NewsUITestsLaunchTests.swift; sourceTree = "<group>"; };
		018593D1278C712E0068B9E8 /* Landing.storyboard */ = {isa = PBXFileReference; lastKnownFileType = file.storyboard; path = Landing.storyboard; sourceTree = "<group>"; };
		018593D3278C71470068B9E8 /* LandingViewController.swift */ = {isa = PBXFileReference; lastKnownFileType = sourcecode.swift; path = LandingViewController.swift; sourceTree = "<group>"; };
		018593D5278C71BB0068B9E8 /* LandingInteractor.swift */ = {isa = PBXFileReference; lastKnownFileType = sourcecode.swift; path = LandingInteractor.swift; sourceTree = "<group>"; };
		018593D7278C721F0068B9E8 /* LandingPresenter.swift */ = {isa = PBXFileReference; lastKnownFileType = sourcecode.swift; path = LandingPresenter.swift; sourceTree = "<group>"; };
		018593D9278C73B30068B9E8 /* LandingRouter.swift */ = {isa = PBXFileReference; lastKnownFileType = sourcecode.swift; path = LandingRouter.swift; sourceTree = "<group>"; };
		018593DB278C73C40068B9E8 /* LandingModels.swift */ = {isa = PBXFileReference; lastKnownFileType = sourcecode.swift; path = LandingModels.swift; sourceTree = "<group>"; };
		018593DD278C76C20068B9E8 /* NewsWorker.swift */ = {isa = PBXFileReference; lastKnownFileType = sourcecode.swift; path = NewsWorker.swift; sourceTree = "<group>"; };
		018593DF278C77520068B9E8 /* NewsRestStore.swift */ = {isa = PBXFileReference; lastKnownFileType = sourcecode.swift; path = NewsRestStore.swift; sourceTree = "<group>"; };
		018593E8278C80E90068B9E8 /* NewsTableViewCell.swift */ = {isa = PBXFileReference; lastKnownFileType = sourcecode.swift; path = NewsTableViewCell.swift; sourceTree = "<group>"; };
		018593E9278C80E90068B9E8 /* NewsTableViewCell.xib */ = {isa = PBXFileReference; lastKnownFileType = file.xib; path = NewsTableViewCell.xib; sourceTree = "<group>"; };
		01FA2668DE3C6DAC5C04CA3A /* Pods-News-NewsUITests.debug.xcconfig */ = {isa = PBXFileReference; includeInIndex = 1; lastKnownFileType = text.xcconfig; name = "Pods-News-NewsUITests.debug.xcconfig"; path = "Target Support Files/Pods-News-NewsUITests/Pods-News-NewsUITests.debug.xcconfig"; sourceTree = "<group>"; };
		01FB2CD9278C8A880053720A /* Networking.swift */ = {isa = PBXFileReference; lastKnownFileType = sourcecode.swift; path = Networking.swift; sourceTree = "<group>"; };
		01FB2CDB278C8B730053720A /* MostViewedArticlesResponse.swift */ = {isa = PBXFileReference; lastKnownFileType = sourcecode.swift; path = MostViewedArticlesResponse.swift; sourceTree = "<group>"; };
		24E1A78E9F43B261BD1FD99C /* Pods-News-NewsUITests.release.xcconfig */ = {isa = PBXFileReference; includeInIndex = 1; lastKnownFileType = text.xcconfig; name = "Pods-News-NewsUITests.release.xcconfig"; path = "Target Support Files/Pods-News-NewsUITests/Pods-News-NewsUITests.release.xcconfig"; sourceTree = "<group>"; };
		5185BFB03A06285F75C66465 /* Pods-News.release.xcconfig */ = {isa = PBXFileReference; includeInIndex = 1; lastKnownFileType = text.xcconfig; name = "Pods-News.release.xcconfig"; path = "Target Support Files/Pods-News/Pods-News.release.xcconfig"; sourceTree = "<group>"; };
		7312413B696B78C69382DDD2 /* Pods_News.framework */ = {isa = PBXFileReference; explicitFileType = wrapper.framework; includeInIndex = 0; path = Pods_News.framework; sourceTree = BUILT_PRODUCTS_DIR; };
		801983B63144D7948654B1AA /* Pods-NewsTests.debug.xcconfig */ = {isa = PBXFileReference; includeInIndex = 1; lastKnownFileType = text.xcconfig; name = "Pods-NewsTests.debug.xcconfig"; path = "Target Support Files/Pods-NewsTests/Pods-NewsTests.debug.xcconfig"; sourceTree = "<group>"; };
		94404037144E7A222B70D915 /* Pods-NewsTests.release.xcconfig */ = {isa = PBXFileReference; includeInIndex = 1; lastKnownFileType = text.xcconfig; name = "Pods-NewsTests.release.xcconfig"; path = "Target Support Files/Pods-NewsTests/Pods-NewsTests.release.xcconfig"; sourceTree = "<group>"; };
		945F013FDE240B9C0E9ACEE4 /* Pods_NewsTests.framework */ = {isa = PBXFileReference; explicitFileType = wrapper.framework; includeInIndex = 0; path = Pods_NewsTests.framework; sourceTree = BUILT_PRODUCTS_DIR; };
		9BC1C2700A3D6FCA0B73328C /* Pods_News_NewsUITests.framework */ = {isa = PBXFileReference; explicitFileType = wrapper.framework; includeInIndex = 0; path = Pods_News_NewsUITests.framework; sourceTree = BUILT_PRODUCTS_DIR; };
		BC8CEECF7C1DB606FCE41F4A /* Pods-News.debug.xcconfig */ = {isa = PBXFileReference; includeInIndex = 1; lastKnownFileType = text.xcconfig; name = "Pods-News.debug.xcconfig"; path = "Target Support Files/Pods-News/Pods-News.debug.xcconfig"; sourceTree = "<group>"; };
/* End PBXFileReference section */

/* Begin PBXFrameworksBuildPhase section */
		017181462785678F004AAA01 /* Frameworks */ = {
			isa = PBXFrameworksBuildPhase;
			buildActionMask = 2147483647;
			files = (
				046129E7A132B996D3993A34 /* Pods_News.framework in Frameworks */,
			);
			runOnlyForDeploymentPostprocessing = 0;
		};
		0171815C27856792004AAA01 /* Frameworks */ = {
			isa = PBXFrameworksBuildPhase;
			buildActionMask = 2147483647;
			files = (
				203ABD4492800819F5B4AC05 /* Pods_NewsTests.framework in Frameworks */,
			);
			runOnlyForDeploymentPostprocessing = 0;
		};
		0171816627856792004AAA01 /* Frameworks */ = {
			isa = PBXFrameworksBuildPhase;
			buildActionMask = 2147483647;
			files = (
				FD2D7CE9A9820292FF3F4476 /* Pods_News_NewsUITests.framework in Frameworks */,
			);
			runOnlyForDeploymentPostprocessing = 0;
		};
/* End PBXFrameworksBuildPhase section */

/* Begin PBXGroup section */
		017181402785678F004AAA01 = {
			isa = PBXGroup;
			children = (
				0171814B2785678F004AAA01 /* News */,
				0171816227856792004AAA01 /* NewsTests */,
				0171816C27856792004AAA01 /* NewsUITests */,
				0171814A2785678F004AAA01 /* Products */,
				FD7DAE33E11A6AD1565E1D68 /* Pods */,
				9F92BC5C6CE7881FE8E0FCBD /* Frameworks */,
			);
			sourceTree = "<group>";
		};
		0171814A2785678F004AAA01 /* Products */ = {
			isa = PBXGroup;
			children = (
				017181492785678F004AAA01 /* News.app */,
				0171815F27856792004AAA01 /* NewsTests.xctest */,
				0171816927856792004AAA01 /* NewsUITests.xctest */,
			);
			name = Products;
			sourceTree = "<group>";
		};
		0171814B2785678F004AAA01 /* News */ = {
			isa = PBXGroup;
			children = (
				018593CE278C70270068B9E8 /* Startup */,
				018593CD278C70070068B9E8 /* Resources */,
				018593CC278C6FE00068B9E8 /* Views */,
				018593CB278C6FCC0068B9E8 /* Workers */,
				018593CA278C6FC20068B9E8 /* Stores */,
				018593C9278C6F860068B9E8 /* Models */,
				018593C8278C6F620068B9E8 /* Scenes */,
				018593CF278C70470068B9E8 /* Support Files */,
			);
			path = News;
			sourceTree = "<group>";
		};
		0171816227856792004AAA01 /* NewsTests */ = {
			isa = PBXGroup;
			children = (
				0171816327856792004AAA01 /* NewsTests.swift */,
			);
			path = NewsTests;
			sourceTree = "<group>";
		};
		0171816C27856792004AAA01 /* NewsUITests */ = {
			isa = PBXGroup;
			children = (
				0171816D27856792004AAA01 /* NewsUITests.swift */,
				0171816F27856792004AAA01 /* NewsUITestsLaunchTests.swift */,
			);
			path = NewsUITests;
			sourceTree = "<group>";
		};
		018593C8278C6F620068B9E8 /* Scenes */ = {
			isa = PBXGroup;
			children = (
				018593D0278C706E0068B9E8 /* News */,
			);
			path = Scenes;
			sourceTree = "<group>";
		};
		018593C9278C6F860068B9E8 /* Models */ = {
			isa = PBXGroup;
			children = (
				01FB2CD9278C8A880053720A /* Networking.swift */,
				01FB2CDB278C8B730053720A /* MostViewedArticlesResponse.swift */,
			);
			path = Models;
			sourceTree = "<group>";
		};
		018593CA278C6FC20068B9E8 /* Stores */ = {
			isa = PBXGroup;
			children = (
				018593DF278C77520068B9E8 /* NewsRestStore.swift */,
			);
			path = Stores;
			sourceTree = "<group>";
		};
		018593CB278C6FCC0068B9E8 /* Workers */ = {
			isa = PBXGroup;
			children = (
				018593DD278C76C20068B9E8 /* NewsWorker.swift */,
			);
			path = Workers;
			sourceTree = "<group>";
		};
		018593CC278C6FE00068B9E8 /* Views */ = {
			isa = PBXGroup;
			children = (
				018593E3278C7E5C0068B9E8 /* NewsCollectionViewCell */,
			);
			path = Views;
			sourceTree = "<group>";
		};
		018593CD278C70070068B9E8 /* Resources */ = {
			isa = PBXGroup;
			children = (
				0171815527856792004AAA01 /* Assets.xcassets */,
			);
			path = Resources;
			sourceTree = "<group>";
		};
		018593CE278C70270068B9E8 /* Startup */ = {
			isa = PBXGroup;
			children = (
				0171814C2785678F004AAA01 /* AppDelegate.swift */,
				0171814E2785678F004AAA01 /* SceneDelegate.swift */,
				017181502785678F004AAA01 /* ViewController.swift */,
				017181522785678F004AAA01 /* Main.storyboard */,
				0171815727856792004AAA01 /* LaunchScreen.storyboard */,
			);
			path = Startup;
			sourceTree = "<group>";
		};
		018593CF278C70470068B9E8 /* Support Files */ = {
			isa = PBXGroup;
			children = (
				0171815A27856792004AAA01 /* Info.plist */,
			);
			path = "Support Files";
			sourceTree = "<group>";
		};
		018593D0278C706E0068B9E8 /* News */ = {
			isa = PBXGroup;
			children = (
				018593D1278C712E0068B9E8 /* Landing.storyboard */,
				018593D3278C71470068B9E8 /* LandingViewController.swift */,
				018593D5278C71BB0068B9E8 /* LandingInteractor.swift */,
				018593D7278C721F0068B9E8 /* LandingPresenter.swift */,
				018593D9278C73B30068B9E8 /* LandingRouter.swift */,
				018593DB278C73C40068B9E8 /* LandingModels.swift */,
			);
			path = News;
			sourceTree = "<group>";
		};
		018593E3278C7E5C0068B9E8 /* NewsCollectionViewCell */ = {
			isa = PBXGroup;
			children = (
				018593E8278C80E90068B9E8 /* NewsTableViewCell.swift */,
				018593E9278C80E90068B9E8 /* NewsTableViewCell.xib */,
			);
			path = NewsCollectionViewCell;
			sourceTree = "<group>";
		};
		9F92BC5C6CE7881FE8E0FCBD /* Frameworks */ = {
			isa = PBXGroup;
			children = (
				7312413B696B78C69382DDD2 /* Pods_News.framework */,
				9BC1C2700A3D6FCA0B73328C /* Pods_News_NewsUITests.framework */,
				945F013FDE240B9C0E9ACEE4 /* Pods_NewsTests.framework */,
			);
			name = Frameworks;
			sourceTree = "<group>";
		};
		FD7DAE33E11A6AD1565E1D68 /* Pods */ = {
			isa = PBXGroup;
			children = (
				BC8CEECF7C1DB606FCE41F4A /* Pods-News.debug.xcconfig */,
				5185BFB03A06285F75C66465 /* Pods-News.release.xcconfig */,
				01FA2668DE3C6DAC5C04CA3A /* Pods-News-NewsUITests.debug.xcconfig */,
				24E1A78E9F43B261BD1FD99C /* Pods-News-NewsUITests.release.xcconfig */,
				801983B63144D7948654B1AA /* Pods-NewsTests.debug.xcconfig */,
				94404037144E7A222B70D915 /* Pods-NewsTests.release.xcconfig */,
			);
			path = Pods;
			sourceTree = "<group>";
		};
/* End PBXGroup section */

/* Begin PBXNativeTarget section */
		017181482785678F004AAA01 /* News */ = {
			isa = PBXNativeTarget;
			buildConfigurationList = 0171817327856792004AAA01 /* Build configuration list for PBXNativeTarget "News" */;
			buildPhases = (
				335AA62BE75281396244E3D3 /* [CP] Check Pods Manifest.lock */,
				017181452785678F004AAA01 /* Sources */,
				017181462785678F004AAA01 /* Frameworks */,
				017181472785678F004AAA01 /* Resources */,
				B5FF71FD811489A950C0B0C9 /* [CP] Embed Pods Frameworks */,
			);
			buildRules = (
			);
			dependencies = (
			);
			name = News;
			productName = News;
			productReference = 017181492785678F004AAA01 /* News.app */;
			productType = "com.apple.product-type.application";
		};
		0171815E27856792004AAA01 /* NewsTests */ = {
			isa = PBXNativeTarget;
			buildConfigurationList = 0171817627856792004AAA01 /* Build configuration list for PBXNativeTarget "NewsTests" */;
			buildPhases = (
				43ED69CCA055F613C22CB160 /* [CP] Check Pods Manifest.lock */,
				0171815B27856792004AAA01 /* Sources */,
				0171815C27856792004AAA01 /* Frameworks */,
				0171815D27856792004AAA01 /* Resources */,
			);
			buildRules = (
			);
			dependencies = (
				0171816127856792004AAA01 /* PBXTargetDependency */,
			);
			name = NewsTests;
			productName = NewsTests;
			productReference = 0171815F27856792004AAA01 /* NewsTests.xctest */;
			productType = "com.apple.product-type.bundle.unit-test";
		};
		0171816827856792004AAA01 /* NewsUITests */ = {
			isa = PBXNativeTarget;
			buildConfigurationList = 0171817927856792004AAA01 /* Build configuration list for PBXNativeTarget "NewsUITests" */;
			buildPhases = (
				D367560283EE58CBD3944FEA /* [CP] Check Pods Manifest.lock */,
				0171816527856792004AAA01 /* Sources */,
				0171816627856792004AAA01 /* Frameworks */,
				0171816727856792004AAA01 /* Resources */,
				2C0BE5A14C9A8BDBFBDBD410 /* [CP] Embed Pods Frameworks */,
			);
			buildRules = (
			);
			dependencies = (
				0171816B27856792004AAA01 /* PBXTargetDependency */,
			);
			name = NewsUITests;
			productName = NewsUITests;
			productReference = 0171816927856792004AAA01 /* NewsUITests.xctest */;
			productType = "com.apple.product-type.bundle.ui-testing";
		};
/* End PBXNativeTarget section */

/* Begin PBXProject section */
		017181412785678F004AAA01 /* Project object */ = {
			isa = PBXProject;
			attributes = {
				BuildIndependentTargetsInParallel = 1;
				LastSwiftUpdateCheck = 1300;
				LastUpgradeCheck = 1300;
				TargetAttributes = {
					017181482785678F004AAA01 = {
						CreatedOnToolsVersion = 13.0;
					};
					0171815E27856792004AAA01 = {
						CreatedOnToolsVersion = 13.0;
						TestTargetID = 017181482785678F004AAA01;
					};
					0171816827856792004AAA01 = {
						CreatedOnToolsVersion = 13.0;
						TestTargetID = 017181482785678F004AAA01;
					};
				};
			};
			buildConfigurationList = 017181442785678F004AAA01 /* Build configuration list for PBXProject "News" */;
			compatibilityVersion = "Xcode 13.0";
			developmentRegion = en;
			hasScannedForEncodings = 0;
			knownRegions = (
				en,
				Base,
			);
			mainGroup = 017181402785678F004AAA01;
			productRefGroup = 0171814A2785678F004AAA01 /* Products */;
			projectDirPath = "";
			projectRoot = "";
			targets = (
				017181482785678F004AAA01 /* News */,
				0171815E27856792004AAA01 /* NewsTests */,
				0171816827856792004AAA01 /* NewsUITests */,
			);
		};
/* End PBXProject section */

/* Begin PBXResourcesBuildPhase section */
		017181472785678F004AAA01 /* Resources */ = {
			isa = PBXResourcesBuildPhase;
			buildActionMask = 2147483647;
			files = (
				0171815927856792004AAA01 /* LaunchScreen.storyboard in Resources */,
				0171815627856792004AAA01 /* Assets.xcassets in Resources */,
				017181542785678F004AAA01 /* Main.storyboard in Resources */,
				018593D2278C712E0068B9E8 /* Landing.storyboard in Resources */,
				018593EB278C80E90068B9E8 /* NewsTableViewCell.xib in Resources */,
			);
			runOnlyForDeploymentPostprocessing = 0;
		};
		0171815D27856792004AAA01 /* Resources */ = {
			isa = PBXResourcesBuildPhase;
			buildActionMask = 2147483647;
			files = (
			);
			runOnlyForDeploymentPostprocessing = 0;
		};
		0171816727856792004AAA01 /* Resources */ = {
			isa = PBXResourcesBuildPhase;
			buildActionMask = 2147483647;
			files = (
			);
			runOnlyForDeploymentPostprocessing = 0;
		};
/* End PBXResourcesBuildPhase section */

/* Begin PBXShellScriptBuildPhase section */
		2C0BE5A14C9A8BDBFBDBD410 /* [CP] Embed Pods Frameworks */ = {
			isa = PBXShellScriptBuildPhase;
			buildActionMask = 2147483647;
			files = (
			);
			inputFileListPaths = (
				"${PODS_ROOT}/Target Support Files/Pods-News-NewsUITests/Pods-News-NewsUITests-frameworks-${CONFIGURATION}-input-files.xcfilelist",
			);
			name = "[CP] Embed Pods Frameworks";
			outputFileListPaths = (
				"${PODS_ROOT}/Target Support Files/Pods-News-NewsUITests/Pods-News-NewsUITests-frameworks-${CONFIGURATION}-output-files.xcfilelist",
			);
			runOnlyForDeploymentPostprocessing = 0;
			shellPath = /bin/sh;
			shellScript = "\"${PODS_ROOT}/Target Support Files/Pods-News-NewsUITests/Pods-News-NewsUITests-frameworks.sh\"\n";
			showEnvVarsInLog = 0;
		};
		335AA62BE75281396244E3D3 /* [CP] Check Pods Manifest.lock */ = {
			isa = PBXShellScriptBuildPhase;
			buildActionMask = 2147483647;
			files = (
			);
			inputFileListPaths = (
			);
			inputPaths = (
				"${PODS_PODFILE_DIR_PATH}/Podfile.lock",
				"${PODS_ROOT}/Manifest.lock",
			);
			name = "[CP] Check Pods Manifest.lock";
			outputFileListPaths = (
			);
			outputPaths = (
				"$(DERIVED_FILE_DIR)/Pods-News-checkManifestLockResult.txt",
			);
			runOnlyForDeploymentPostprocessing = 0;
			shellPath = /bin/sh;
			shellScript = "diff \"${PODS_PODFILE_DIR_PATH}/Podfile.lock\" \"${PODS_ROOT}/Manifest.lock\" > /dev/null\nif [ $? != 0 ] ; then\n    # print error to STDERR\n    echo \"error: The sandbox is not in sync with the Podfile.lock. Run 'pod install' or update your CocoaPods installation.\" >&2\n    exit 1\nfi\n# This output is used by Xcode 'outputs' to avoid re-running this script phase.\necho \"SUCCESS\" > \"${SCRIPT_OUTPUT_FILE_0}\"\n";
			showEnvVarsInLog = 0;
		};
		43ED69CCA055F613C22CB160 /* [CP] Check Pods Manifest.lock */ = {
			isa = PBXShellScriptBuildPhase;
			buildActionMask = 2147483647;
			files = (
			);
			inputFileListPaths = (
			);
			inputPaths = (
				"${PODS_PODFILE_DIR_PATH}/Podfile.lock",
				"${PODS_ROOT}/Manifest.lock",
			);
			name = "[CP] Check Pods Manifest.lock";
			outputFileListPaths = (
			);
			outputPaths = (
				"$(DERIVED_FILE_DIR)/Pods-NewsTests-checkManifestLockResult.txt",
			);
			runOnlyForDeploymentPostprocessing = 0;
			shellPath = /bin/sh;
			shellScript = "diff \"${PODS_PODFILE_DIR_PATH}/Podfile.lock\" \"${PODS_ROOT}/Manifest.lock\" > /dev/null\nif [ $? != 0 ] ; then\n    # print error to STDERR\n    echo \"error: The sandbox is not in sync with the Podfile.lock. Run 'pod install' or update your CocoaPods installation.\" >&2\n    exit 1\nfi\n# This output is used by Xcode 'outputs' to avoid re-running this script phase.\necho \"SUCCESS\" > \"${SCRIPT_OUTPUT_FILE_0}\"\n";
			showEnvVarsInLog = 0;
		};
		B5FF71FD811489A950C0B0C9 /* [CP] Embed Pods Frameworks */ = {
			isa = PBXShellScriptBuildPhase;
			buildActionMask = 2147483647;
			files = (
			);
			inputFileListPaths = (
				"${PODS_ROOT}/Target Support Files/Pods-News/Pods-News-frameworks-${CONFIGURATION}-input-files.xcfilelist",
			);
			name = "[CP] Embed Pods Frameworks";
			outputFileListPaths = (
				"${PODS_ROOT}/Target Support Files/Pods-News/Pods-News-frameworks-${CONFIGURATION}-output-files.xcfilelist",
			);
			runOnlyForDeploymentPostprocessing = 0;
			shellPath = /bin/sh;
			shellScript = "\"${PODS_ROOT}/Target Support Files/Pods-News/Pods-News-frameworks.sh\"\n";
			showEnvVarsInLog = 0;
		};
		D367560283EE58CBD3944FEA /* [CP] Check Pods Manifest.lock */ = {
			isa = PBXShellScriptBuildPhase;
			buildActionMask = 2147483647;
			files = (
			);
			inputFileListPaths = (
			);
			inputPaths = (
				"${PODS_PODFILE_DIR_PATH}/Podfile.lock",
				"${PODS_ROOT}/Manifest.lock",
			);
			name = "[CP] Check Pods Manifest.lock";
			outputFileListPaths = (
			);
			outputPaths = (
				"$(DERIVED_FILE_DIR)/Pods-News-NewsUITests-checkManifestLockResult.txt",
			);
			runOnlyForDeploymentPostprocessing = 0;
			shellPath = /bin/sh;
			shellScript = "diff \"${PODS_PODFILE_DIR_PATH}/Podfile.lock\" \"${PODS_ROOT}/Manifest.lock\" > /dev/null\nif [ $? != 0 ] ; then\n    # print error to STDERR\n    echo \"error: The sandbox is not in sync with the Podfile.lock. Run 'pod install' or update your CocoaPods installation.\" >&2\n    exit 1\nfi\n# This output is used by Xcode 'outputs' to avoid re-running this script phase.\necho \"SUCCESS\" > \"${SCRIPT_OUTPUT_FILE_0}\"\n";
			showEnvVarsInLog = 0;
		};
/* End PBXShellScriptBuildPhase section */

/* Begin PBXSourcesBuildPhase section */
		017181452785678F004AAA01 /* Sources */ = {
			isa = PBXSourcesBuildPhase;
			buildActionMask = 2147483647;
			files = (
				018593DA278C73B30068B9E8 /* LandingRouter.swift in Sources */,
				018593EA278C80E90068B9E8 /* NewsTableViewCell.swift in Sources */,
				017181512785678F004AAA01 /* ViewController.swift in Sources */,
				01FB2CDA278C8A880053720A /* Networking.swift in Sources */,
				01FB2CDC278C8B730053720A /* MostViewedArticlesResponse.swift in Sources */,
				018593E0278C77520068B9E8 /* NewsRestStore.swift in Sources */,
				0171814D2785678F004AAA01 /* AppDelegate.swift in Sources */,
				018593DE278C76C20068B9E8 /* NewsWorker.swift in Sources */,
				0171814F2785678F004AAA01 /* SceneDelegate.swift in Sources */,
				018593D6278C71BB0068B9E8 /* LandingInteractor.swift in Sources */,
				018593D8278C721F0068B9E8 /* LandingPresenter.swift in Sources */,
				018593D4278C71470068B9E8 /* LandingViewController.swift in Sources */,
				018593DC278C73C40068B9E8 /* LandingModels.swift in Sources */,
			);
			runOnlyForDeploymentPostprocessing = 0;
		};
		0171815B27856792004AAA01 /* Sources */ = {
			isa = PBXSourcesBuildPhase;
			buildActionMask = 2147483647;
			files = (
				0171816427856792004AAA01 /* NewsTests.swift in Sources */,
			);
			runOnlyForDeploymentPostprocessing = 0;
		};
		0171816527856792004AAA01 /* Sources */ = {
			isa = PBXSourcesBuildPhase;
			buildActionMask = 2147483647;
			files = (
				0171816E27856792004AAA01 /* NewsUITests.swift in Sources */,
				0171817027856792004AAA01 /* NewsUITestsLaunchTests.swift in Sources */,
			);
			runOnlyForDeploymentPostprocessing = 0;
		};
/* End PBXSourcesBuildPhase section */

/* Begin PBXTargetDependency section */
		0171816127856792004AAA01 /* PBXTargetDependency */ = {
			isa = PBXTargetDependency;
			target = 017181482785678F004AAA01 /* News */;
			targetProxy = 0171816027856792004AAA01 /* PBXContainerItemProxy */;
		};
		0171816B27856792004AAA01 /* PBXTargetDependency */ = {
			isa = PBXTargetDependency;
			target = 017181482785678F004AAA01 /* News */;
			targetProxy = 0171816A27856792004AAA01 /* PBXContainerItemProxy */;
		};
/* End PBXTargetDependency section */

/* Begin PBXVariantGroup section */
		017181522785678F004AAA01 /* Main.storyboard */ = {
			isa = PBXVariantGroup;
			children = (
				017181532785678F004AAA01 /* Base */,
			);
			name = Main.storyboard;
			sourceTree = "<group>";
		};
		0171815727856792004AAA01 /* LaunchScreen.storyboard */ = {
			isa = PBXVariantGroup;
			children = (
				0171815827856792004AAA01 /* Base */,
			);
			name = LaunchScreen.storyboard;
			sourceTree = "<group>";
		};
/* End PBXVariantGroup section */

/* Begin XCBuildConfiguration section */
		0171817127856792004AAA01 /* Debug */ = {
			isa = XCBuildConfiguration;
			buildSettings = {
				ALWAYS_SEARCH_USER_PATHS = NO;
				CLANG_ANALYZER_NONNULL = YES;
				CLANG_ANALYZER_NUMBER_OBJECT_CONVERSION = YES_AGGRESSIVE;
				CLANG_CXX_LANGUAGE_STANDARD = "gnu++17";
				CLANG_CXX_LIBRARY = "libc++";
				CLANG_ENABLE_MODULES = YES;
				CLANG_ENABLE_OBJC_ARC = YES;
				CLANG_ENABLE_OBJC_WEAK = YES;
				CLANG_WARN_BLOCK_CAPTURE_AUTORELEASING = YES;
				CLANG_WARN_BOOL_CONVERSION = YES;
				CLANG_WARN_COMMA = YES;
				CLANG_WARN_CONSTANT_CONVERSION = YES;
				CLANG_WARN_DEPRECATED_OBJC_IMPLEMENTATIONS = YES;
				CLANG_WARN_DIRECT_OBJC_ISA_USAGE = YES_ERROR;
				CLANG_WARN_DOCUMENTATION_COMMENTS = YES;
				CLANG_WARN_EMPTY_BODY = YES;
				CLANG_WARN_ENUM_CONVERSION = YES;
				CLANG_WARN_INFINITE_RECURSION = YES;
				CLANG_WARN_INT_CONVERSION = YES;
				CLANG_WARN_NON_LITERAL_NULL_CONVERSION = YES;
				CLANG_WARN_OBJC_IMPLICIT_RETAIN_SELF = YES;
				CLANG_WARN_OBJC_LITERAL_CONVERSION = YES;
				CLANG_WARN_OBJC_ROOT_CLASS = YES_ERROR;
				CLANG_WARN_QUOTED_INCLUDE_IN_FRAMEWORK_HEADER = YES;
				CLANG_WARN_RANGE_LOOP_ANALYSIS = YES;
				CLANG_WARN_STRICT_PROTOTYPES = YES;
				CLANG_WARN_SUSPICIOUS_MOVE = YES;
				CLANG_WARN_UNGUARDED_AVAILABILITY = YES_AGGRESSIVE;
				CLANG_WARN_UNREACHABLE_CODE = YES;
				CLANG_WARN__DUPLICATE_METHOD_MATCH = YES;
				COPY_PHASE_STRIP = NO;
				DEBUG_INFORMATION_FORMAT = dwarf;
				ENABLE_STRICT_OBJC_MSGSEND = YES;
				ENABLE_TESTABILITY = YES;
				GCC_C_LANGUAGE_STANDARD = gnu11;
				GCC_DYNAMIC_NO_PIC = NO;
				GCC_NO_COMMON_BLOCKS = YES;
				GCC_OPTIMIZATION_LEVEL = 0;
				GCC_PREPROCESSOR_DEFINITIONS = (
					"DEBUG=1",
					"$(inherited)",
				);
				GCC_WARN_64_TO_32_BIT_CONVERSION = YES;
				GCC_WARN_ABOUT_RETURN_TYPE = YES_ERROR;
				GCC_WARN_UNDECLARED_SELECTOR = YES;
				GCC_WARN_UNINITIALIZED_AUTOS = YES_AGGRESSIVE;
				GCC_WARN_UNUSED_FUNCTION = YES;
				GCC_WARN_UNUSED_VARIABLE = YES;
				IPHONEOS_DEPLOYMENT_TARGET = 15.0;
				MTL_ENABLE_DEBUG_INFO = INCLUDE_SOURCE;
				MTL_FAST_MATH = YES;
				ONLY_ACTIVE_ARCH = YES;
				SDKROOT = iphoneos;
				SWIFT_ACTIVE_COMPILATION_CONDITIONS = DEBUG;
				SWIFT_OPTIMIZATION_LEVEL = "-Onone";
			};
			name = Debug;
		};
		0171817227856792004AAA01 /* Release */ = {
			isa = XCBuildConfiguration;
			buildSettings = {
				ALWAYS_SEARCH_USER_PATHS = NO;
				CLANG_ANALYZER_NONNULL = YES;
				CLANG_ANALYZER_NUMBER_OBJECT_CONVERSION = YES_AGGRESSIVE;
				CLANG_CXX_LANGUAGE_STANDARD = "gnu++17";
				CLANG_CXX_LIBRARY = "libc++";
				CLANG_ENABLE_MODULES = YES;
				CLANG_ENABLE_OBJC_ARC = YES;
				CLANG_ENABLE_OBJC_WEAK = YES;
				CLANG_WARN_BLOCK_CAPTURE_AUTORELEASING = YES;
				CLANG_WARN_BOOL_CONVERSION = YES;
				CLANG_WARN_COMMA = YES;
				CLANG_WARN_CONSTANT_CONVERSION = YES;
				CLANG_WARN_DEPRECATED_OBJC_IMPLEMENTATIONS = YES;
				CLANG_WARN_DIRECT_OBJC_ISA_USAGE = YES_ERROR;
				CLANG_WARN_DOCUMENTATION_COMMENTS = YES;
				CLANG_WARN_EMPTY_BODY = YES;
				CLANG_WARN_ENUM_CONVERSION = YES;
				CLANG_WARN_INFINITE_RECURSION = YES;
				CLANG_WARN_INT_CONVERSION = YES;
				CLANG_WARN_NON_LITERAL_NULL_CONVERSION = YES;
				CLANG_WARN_OBJC_IMPLICIT_RETAIN_SELF = YES;
				CLANG_WARN_OBJC_LITERAL_CONVERSION = YES;
				CLANG_WARN_OBJC_ROOT_CLASS = YES_ERROR;
				CLANG_WARN_QUOTED_INCLUDE_IN_FRAMEWORK_HEADER = YES;
				CLANG_WARN_RANGE_LOOP_ANALYSIS = YES;
				CLANG_WARN_STRICT_PROTOTYPES = YES;
				CLANG_WARN_SUSPICIOUS_MOVE = YES;
				CLANG_WARN_UNGUARDED_AVAILABILITY = YES_AGGRESSIVE;
				CLANG_WARN_UNREACHABLE_CODE = YES;
				CLANG_WARN__DUPLICATE_METHOD_MATCH = YES;
				COPY_PHASE_STRIP = NO;
				DEBUG_INFORMATION_FORMAT = "dwarf-with-dsym";
				ENABLE_NS_ASSERTIONS = NO;
				ENABLE_STRICT_OBJC_MSGSEND = YES;
				GCC_C_LANGUAGE_STANDARD = gnu11;
				GCC_NO_COMMON_BLOCKS = YES;
				GCC_WARN_64_TO_32_BIT_CONVERSION = YES;
				GCC_WARN_ABOUT_RETURN_TYPE = YES_ERROR;
				GCC_WARN_UNDECLARED_SELECTOR = YES;
				GCC_WARN_UNINITIALIZED_AUTOS = YES_AGGRESSIVE;
				GCC_WARN_UNUSED_FUNCTION = YES;
				GCC_WARN_UNUSED_VARIABLE = YES;
				IPHONEOS_DEPLOYMENT_TARGET = 15.0;
				MTL_ENABLE_DEBUG_INFO = NO;
				MTL_FAST_MATH = YES;
				SDKROOT = iphoneos;
				SWIFT_COMPILATION_MODE = wholemodule;
				SWIFT_OPTIMIZATION_LEVEL = "-O";
				VALIDATE_PRODUCT = YES;
			};
			name = Release;
		};
		0171817427856792004AAA01 /* Debug */ = {
			isa = XCBuildConfiguration;
			baseConfigurationReference = BC8CEECF7C1DB606FCE41F4A /* Pods-News.debug.xcconfig */;
			buildSettings = {
				ASSETCATALOG_COMPILER_APPICON_NAME = AppIcon;
				ASSETCATALOG_COMPILER_GLOBAL_ACCENT_COLOR_NAME = AccentColor;
				CODE_SIGN_STYLE = Automatic;
				CURRENT_PROJECT_VERSION = 1;
				GENERATE_INFOPLIST_FILE = YES;
				INFOPLIST_FILE = "News/Support Files/Info.plist";
				INFOPLIST_KEY_UIApplicationSupportsIndirectInputEvents = YES;
				INFOPLIST_KEY_UILaunchStoryboardName = LaunchScreen;
				INFOPLIST_KEY_UIMainStoryboardFile = Main;
				INFOPLIST_KEY_UISupportedInterfaceOrientations_iPad = "UIInterfaceOrientationPortrait UIInterfaceOrientationPortraitUpsideDown UIInterfaceOrientationLandscapeLeft UIInterfaceOrientationLandscapeRight";
				INFOPLIST_KEY_UISupportedInterfaceOrientations_iPhone = "UIInterfaceOrientationPortrait UIInterfaceOrientationLandscapeLeft UIInterfaceOrientationLandscapeRight";
				LD_RUNPATH_SEARCH_PATHS = (
					"$(inherited)",
					"@executable_path/Frameworks",
				);
				MARKETING_VERSION = 1.0;
				PRODUCT_BUNDLE_IDENTIFIER = com.nick.News;
				PRODUCT_NAME = "$(TARGET_NAME)";
				SWIFT_EMIT_LOC_STRINGS = YES;
				SWIFT_VERSION = 5.0;
				TARGETED_DEVICE_FAMILY = "1,2";
			};
			name = Debug;
		};
		0171817527856792004AAA01 /* Release */ = {
			isa = XCBuildConfiguration;
			baseConfigurationReference = 5185BFB03A06285F75C66465 /* Pods-News.release.xcconfig */;
			buildSettings = {
				ASSETCATALOG_COMPILER_APPICON_NAME = AppIcon;
				ASSETCATALOG_COMPILER_GLOBAL_ACCENT_COLOR_NAME = AccentColor;
				CODE_SIGN_STYLE = Automatic;
				CURRENT_PROJECT_VERSION = 1;
				GENERATE_INFOPLIST_FILE = YES;
				INFOPLIST_FILE = "News/Support Files/Info.plist";
				INFOPLIST_KEY_UIApplicationSupportsIndirectInputEvents = YES;
				INFOPLIST_KEY_UILaunchStoryboardName = LaunchScreen;
				INFOPLIST_KEY_UIMainStoryboardFile = Main;
				INFOPLIST_KEY_UISupportedInterfaceOrientations_iPad = "UIInterfaceOrientationPortrait UIInterfaceOrientationPortraitUpsideDown UIInterfaceOrientationLandscapeLeft UIInterfaceOrientationLandscapeRight";
				INFOPLIST_KEY_UISupportedInterfaceOrientations_iPhone = "UIInterfaceOrientationPortrait UIInterfaceOrientationLandscapeLeft UIInterfaceOrientationLandscapeRight";
				LD_RUNPATH_SEARCH_PATHS = (
					"$(inherited)",
					"@executable_path/Frameworks",
				);
				MARKETING_VERSION = 1.0;
				PRODUCT_BUNDLE_IDENTIFIER = com.nick.News;
				PRODUCT_NAME = "$(TARGET_NAME)";
				SWIFT_EMIT_LOC_STRINGS = YES;
				SWIFT_VERSION = 5.0;
				TARGETED_DEVICE_FAMILY = "1,2";
			};
			name = Release;
		};
		0171817727856792004AAA01 /* Debug */ = {
			isa = XCBuildConfiguration;
			baseConfigurationReference = 801983B63144D7948654B1AA /* Pods-NewsTests.debug.xcconfig */;
			buildSettings = {
				ALWAYS_EMBED_SWIFT_STANDARD_LIBRARIES = YES;
				BUNDLE_LOADER = "$(TEST_HOST)";
				CODE_SIGN_STYLE = Automatic;
				CURRENT_PROJECT_VERSION = 1;
				GENERATE_INFOPLIST_FILE = YES;
				IPHONEOS_DEPLOYMENT_TARGET = 15.0;
				LD_RUNPATH_SEARCH_PATHS = (
					"$(inherited)",
					"@executable_path/Frameworks",
					"@loader_path/Frameworks",
				);
				MARKETING_VERSION = 1.0;
				PRODUCT_BUNDLE_IDENTIFIER = com.nick.NewsTests;
				PRODUCT_NAME = "$(TARGET_NAME)";
				SWIFT_EMIT_LOC_STRINGS = NO;
				SWIFT_VERSION = 5.0;
				TARGETED_DEVICE_FAMILY = "1,2";
				TEST_HOST = "$(BUILT_PRODUCTS_DIR)/News.app/News";
			};
			name = Debug;
		};
		0171817827856792004AAA01 /* Release */ = {
			isa = XCBuildConfiguration;
			baseConfigurationReference = 94404037144E7A222B70D915 /* Pods-NewsTests.release.xcconfig */;
			buildSettings = {
				ALWAYS_EMBED_SWIFT_STANDARD_LIBRARIES = YES;
				BUNDLE_LOADER = "$(TEST_HOST)";
				CODE_SIGN_STYLE = Automatic;
				CURRENT_PROJECT_VERSION = 1;
				GENERATE_INFOPLIST_FILE = YES;
				IPHONEOS_DEPLOYMENT_TARGET = 15.0;
				LD_RUNPATH_SEARCH_PATHS = (
					"$(inherited)",
					"@executable_path/Frameworks",
					"@loader_path/Frameworks",
				);
				MARKETING_VERSION = 1.0;
				PRODUCT_BUNDLE_IDENTIFIER = com.nick.NewsTests;
				PRODUCT_NAME = "$(TARGET_NAME)";
				SWIFT_EMIT_LOC_STRINGS = NO;
				SWIFT_VERSION = 5.0;
				TARGETED_DEVICE_FAMILY = "1,2";
				TEST_HOST = "$(BUILT_PRODUCTS_DIR)/News.app/News";
			};
			name = Release;
		};
		0171817A27856792004AAA01 /* Debug */ = {
			isa = XCBuildConfiguration;
			baseConfigurationReference = 01FA2668DE3C6DAC5C04CA3A /* Pods-News-NewsUITests.debug.xcconfig */;
			buildSettings = {
				ALWAYS_EMBED_SWIFT_STANDARD_LIBRARIES = YES;
				CODE_SIGN_STYLE = Automatic;
				CURRENT_PROJECT_VERSION = 1;
				GENERATE_INFOPLIST_FILE = YES;
				LD_RUNPATH_SEARCH_PATHS = (
					"$(inherited)",
					"@executable_path/Frameworks",
					"@loader_path/Frameworks",
				);
				MARKETING_VERSION = 1.0;
				PRODUCT_BUNDLE_IDENTIFIER = com.nick.NewsUITests;
				PRODUCT_NAME = "$(TARGET_NAME)";
				SWIFT_EMIT_LOC_STRINGS = NO;
				SWIFT_VERSION = 5.0;
				TARGETED_DEVICE_FAMILY = "1,2";
				TEST_TARGET_NAME = News;
			};
			name = Debug;
		};
		0171817B27856792004AAA01 /* Release */ = {
			isa = XCBuildConfiguration;
			baseConfigurationReference = 24E1A78E9F43B261BD1FD99C /* Pods-News-NewsUITests.release.xcconfig */;
			buildSettings = {
				ALWAYS_EMBED_SWIFT_STANDARD_LIBRARIES = YES;
				CODE_SIGN_STYLE = Automatic;
				CURRENT_PROJECT_VERSION = 1;
				GENERATE_INFOPLIST_FILE = YES;
				LD_RUNPATH_SEARCH_PATHS = (
					"$(inherited)",
					"@executable_path/Frameworks",
					"@loader_path/Frameworks",
				);
				MARKETING_VERSION = 1.0;
				PRODUCT_BUNDLE_IDENTIFIER = com.nick.NewsUITests;
				PRODUCT_NAME = "$(TARGET_NAME)";
				SWIFT_EMIT_LOC_STRINGS = NO;
				SWIFT_VERSION = 5.0;
				TARGETED_DEVICE_FAMILY = "1,2";
				TEST_TARGET_NAME = News;
			};
			name = Release;
		};
/* End XCBuildConfiguration section */

/* Begin XCConfigurationList section */
		017181442785678F004AAA01 /* Build configuration list for PBXProject "News" */ = {
			isa = XCConfigurationList;
			buildConfigurations = (
				0171817127856792004AAA01 /* Debug */,
				0171817227856792004AAA01 /* Release */,
			);
			defaultConfigurationIsVisible = 0;
			defaultConfigurationName = Release;
		};
		0171817327856792004AAA01 /* Build configuration list for PBXNativeTarget "News" */ = {
			isa = XCConfigurationList;
			buildConfigurations = (
				0171817427856792004AAA01 /* Debug */,
				0171817527856792004AAA01 /* Release */,
			);
			defaultConfigurationIsVisible = 0;
			defaultConfigurationName = Release;
		};
		0171817627856792004AAA01 /* Build configuration list for PBXNativeTarget "NewsTests" */ = {
			isa = XCConfigurationList;
			buildConfigurations = (
				0171817727856792004AAA01 /* Debug */,
				0171817827856792004AAA01 /* Release */,
			);
			defaultConfigurationIsVisible = 0;
			defaultConfigurationName = Release;
		};
		0171817927856792004AAA01 /* Build configuration list for PBXNativeTarget "NewsUITests" */ = {
			isa = XCConfigurationList;
			buildConfigurations = (
				0171817A27856792004AAA01 /* Debug */,
				0171817B27856792004AAA01 /* Release */,
			);
			defaultConfigurationIsVisible = 0;
			defaultConfigurationName = Release;
		};
/* End XCConfigurationList section */
	};
	rootObject = 017181412785678F004AAA01 /* Project object */;
}
